<?xml version="1.0" encoding="utf-8"?>
<Project ToolsVersion="4.0" xmlns="http://schemas.microsoft.com/developer/msbuild/2003">
  <ItemGroup>
    <Filter Include="opos">
      <UniqueIdentifier>{0860dae8-3437-4ffb-963c-95e2491ab406}</UniqueIdentifier>
    </Filter>
  </ItemGroup>
  <ItemGroup>
    <ClInclude Include="$(MSBuildThisFileDirectory)..\..\code_tools\opos\ct_opos_mgmt.h">
      <Filter>opos</Filter>
    </ClInclude>
    <ClInclude Include="$(MSBuildThisFileDirectory)..\..\code_tools\opos\ct_event_handler.h">
      <Filter>opos</Filter>
    </ClInclude>
    <ClInclude Include="$(MSBuildThisFileDirectory)..\..\code_tools\ct_com.h">
      <Filter>opos</Filter>
    </ClInclude>
    <ClInclude Include="$(MSBuildThisFileDirectory)..\..\code_tools\ct_variant.h" />
    <ClInclude Include="$(MSBuildThisFileDirectory)..\..\code_tools\ct_safe_queue.h" />
    <ClInclude Include="$(MSBuildThisFileDirectory)..\..\code_tools\opos\ct_opos_msr.h">
      <Filter>opos</Filter>
    </ClInclude>
  </ItemGroup>
</Project>